
Microsoft Visual Studio Solution File, Format Version 12.00
# Visual Studio Version 17
VisualStudioVersion = 17.0.31903.59
MinimumVisualStudioVersion = 10.0.40219.1
Project("{FAE04EC0-301F-11D3-BF4B-00C04F79EFBC}") = "Lab_8", "Lab_8\Lab_8.csproj", "{37F5C0EB-E6BA-438C-8DAB-CB05AB6B3DEC}"
EndProject
Project("{FAE04EC0-301F-11D3-BF4B-00C04F79EFBC}") = "2_patch", "2_patch\2_patch.csproj", "{976986C7-A3DF-473D-B6CB-8C56A792FAC3}"
EndProject
Project("{FAE04EC0-301F-11D3-BF4B-00C04F79EFBC}") = "TXT", "TXT\TXT.csproj", "{01D332F7-123F-4412-A22E-1C284DE5E810}"
EndProject
Global
	GlobalSection(SolutionConfigurationPlatforms) = preSolution
		Debug|Any CPU = Debug|Any CPU
		Release|Any CPU = Release|Any CPU
	EndGlobalSection
	GlobalSection(ProjectConfigurationPlatforms) = postSolution
		{37F5C0EB-E6BA-438C-8DAB-CB05AB6B3DEC}.Debug|Any CPU.ActiveCfg = Debug|Any CPU
		{37F5C0EB-E6BA-438C-8DAB-CB05AB6B3DEC}.Debug|Any CPU.Build.0 = Debug|Any CPU
		{37F5C0EB-E6BA-438C-8DAB-CB05AB6B3DEC}.Release|Any CPU.ActiveCfg = Release|Any CPU
		{37F5C0EB-E6BA-438C-8DAB-CB05AB6B3DEC}.Release|Any CPU.Build.0 = Release|Any CPU
		{976986C7-A3DF-473D-B6CB-8C56A792FAC3}.Debug|Any CPU.ActiveCfg = Debug|Any CPU
		{976986C7-A3DF-473D-B6CB-8C56A792FAC3}.Debug|Any CPU.Build.0 = Debug|Any CPU
		{976986C7-A3DF-473D-B6CB-8C56A792FAC3}.Release|Any CPU.ActiveCfg = Release|Any CPU
		{976986C7-A3DF-473D-B6CB-8C56A792FAC3}.Release|Any CPU.Build.0 = Release|Any CPU
		{01D332F7-123F-4412-A22E-1C284DE5E810}.Debug|Any CPU.ActiveCfg = Debug|Any CPU
		{01D332F7-123F-4412-A22E-1C284DE5E810}.Debug|Any CPU.Build.0 = Debug|Any CPU
		{01D332F7-123F-4412-A22E-1C284DE5E810}.Release|Any CPU.ActiveCfg = Release|Any CPU
		{01D332F7-123F-4412-A22E-1C284DE5E810}.Release|Any CPU.Build.0 = Release|Any CPU
	EndGlobalSection
	GlobalSection(SolutionProperties) = preSolution
		HideSolutionNode = FALSE
	EndGlobalSection
	GlobalSection(ExtensibilityGlobals) = postSolution
		SolutionGuid = {50589ED8-18DD-4EE7-AE40-CB2C3496FE3F}
	EndGlobalSection
EndGlobal
